
Microsoft Visual Studio Solution File, Format Version 12.00
# Visual Studio Version 16
VisualStudioVersion = 16.0.30517.126
MinimumVisualStudioVersion = 10.0.40219.1
Project("{FAE04EC0-301F-11D3-BF4B-00C04F79EFBC}") = "SaleLaptopSystem", "SaleLaptopSystem\SaleLaptopSystem.csproj", "{C33D5BE1-16DD-4B26-8C26-D6D7A06237C5}"
EndProject
Global
	GlobalSection(SolutionConfigurationPlatforms) = preSolution
		Debug|Any CPU = Debug|Any CPU
		Release|Any CPU = Release|Any CPU
	EndGlobalSection
	GlobalSection(ProjectConfigurationPlatforms) = postSolution
		{C33D5BE1-16DD-4B26-8C26-D6D7A06237C5}.Debug|Any CPU.ActiveCfg = Debug|Any CPU
		{C33D5BE1-16DD-4B26-8C26-D6D7A06237C5}.Debug|Any CPU.Build.0 = Debug|Any CPU
		{C33D5BE1-16DD-4B26-8C26-D6D7A06237C5}.Release|Any CPU.ActiveCfg = Release|Any CPU
		{C33D5BE1-16DD-4B26-8C26-D6D7A06237C5}.Release|Any CPU.Build.0 = Release|Any CPU
	EndGlobalSection
	GlobalSection(SolutionProperties) = preSolution
		HideSolutionNode = FALSE
	EndGlobalSection
	GlobalSection(ExtensibilityGlobals) = postSolution
		SolutionGuid = {3C0199CA-B686-4CB4-A65E-DFB5B8EF1D8A}
	EndGlobalSection
EndGlobal
